<Solution>
  <Project Path="TaskManagement.API/TaskManagement.API.csproj" />
  <Project Path="TaskManagement.Application/TaskManagement.Application.csproj" />
  <Project Path="TaskManagement.Domain/TaskManagement.Domain.csproj" />
  <Project Path="TaskManagement.Infrastructure/TaskManagement.Infrastructure.csproj" />
  <Project Path="TaskManagement.Tests/TaskManagement.Tests.csproj" Id="a5fbe64c-8aae-411b-bced-2369e3288371" />
</Solution>
